{
  "name": "ei2-local-search-poc",
  "version": "1.0.0",
  "lockfileVersion": 1,
  "requires": true,
  "dependencies": {
    "elasticlunr": {
      "version": "0.9.5",
      "resolved": "https://repo.symphony.com/artifactory/api/npm/npm-virtual-dev/elasticlunr/-/elasticlunr-0.9.5.tgz",
      "integrity": "sha1-ZVQbswnd3Qz5Ty0ciGGyvmUbsNU="
    },
    "lunr": {
      "version": "2.3.9",
      "resolved": "https://repo.symphony.com/artifactory/api/npm/npm-virtual-dev/lunr/-/lunr-2.3.9.tgz",
      "integrity": "sha1-GLEjFCgyM33W6WTfGlp3B7JdNeE="
    }
  }
}
